// !$*UTF8*$!
{
	archiveVersion = 1;
	classes = {
	};
	objectVersion = 46;
	objects = {

/* Begin PBXBuildFile section */
		0A03FA8F1B5AF6FF00DA5EED /* hint.png in Resources */ = {isa = PBXBuildFile; fileRef = 0A03FA8E1B5AF6FF00DA5EED /* hint.png */; };
		0A1733001B8E580300AE4373 /* MainMenu.png in Resources */ = {isa = PBXBuildFile; fileRef = 0A1732FF1B8E580300AE4373 /* MainMenu.png */; };
		0A2B3C211B279DAD005269BE /* Levels.plist in Resources */ = {isa = PBXBuildFile; fileRef = 0A2B3C201B279DAD005269BE /* Levels.plist */; };
		0A488C591B215658006CDA4B /* MainMenu2.png in Resources */ = {isa = PBXBuildFile; fileRef = 0A488C581B215658006CDA4B /* MainMenu2.png */; };
		0A52E6C51B9D053B00C6FB54 /* scoreStars.png in Resources */ = {isa = PBXBuildFile; fileRef = 0A52E6C41B9D053B00C6FB54 /* scoreStars.png */; };
		0A59646D1B5F022100CC86CC /* Level.swift in Sources */ = {isa = PBXBuildFile; fileRef = 0A59646C1B5F022100CC86CC /* Level.swift */; };
		0A59646F1B5F063000CC86CC /* Challenge.swift in Sources */ = {isa = PBXBuildFile; fileRef = 0A59646E1B5F063000CC86CC /* Challenge.swift */; };
		0A5EC1431B5C3E7D0007C734 /* Types.swift in Sources */ = {isa = PBXBuildFile; fileRef = 0A5EC1421B5C3E7D0007C734 /* Types.swift */; };
		0A5F78821B5AD18800FF922B /* facebook.png in Resources */ = {isa = PBXBuildFile; fileRef = 0A5F78811B5AD18800FF922B /* facebook.png */; };
		0A5F78841B5AD18D00FF922B /* gamecenter.png in Resources */ = {isa = PBXBuildFile; fileRef = 0A5F78831B5AD18D00FF922B /* gamecenter.png */; };
		0A6F53BD1B6488C4000714DA /* bg9.png in Resources */ = {isa = PBXBuildFile; fileRef = 0A6F53BC1B6488C4000714DA /* bg9.png */; };
		0A7285721B913BFB006BB7C4 /* KMKDSP__.ttf in Resources */ = {isa = PBXBuildFile; fileRef = 0A7285711B913BFB006BB7C4 /* KMKDSP__.ttf */; };
		0A7285741B913C88006BB7C4 /* KMKDSPB_.ttf in Resources */ = {isa = PBXBuildFile; fileRef = 0A7285731B913C88006BB7C4 /* KMKDSPB_.ttf */; };
		0A74175E1B261CAF00D17C83 /* LevelViewController.swift in Sources */ = {isa = PBXBuildFile; fileRef = 0A74175D1B261CAF00D17C83 /* LevelViewController.swift */; };
		0A8B3A011B64640500681A86 /* bg1.png in Resources */ = {isa = PBXBuildFile; fileRef = 0A8B3A001B64640500681A86 /* bg1.png */; };
		0A8B3A031B64640E00681A86 /* bg2.png in Resources */ = {isa = PBXBuildFile; fileRef = 0A8B3A021B64640E00681A86 /* bg2.png */; };
		0A8B3A051B64641300681A86 /* bg3.png in Resources */ = {isa = PBXBuildFile; fileRef = 0A8B3A041B64641300681A86 /* bg3.png */; };
		0A8B3A071B64641C00681A86 /* bg4.png in Resources */ = {isa = PBXBuildFile; fileRef = 0A8B3A061B64641C00681A86 /* bg4.png */; };
		0A8B3A091B64642200681A86 /* bg5.png in Resources */ = {isa = PBXBuildFile; fileRef = 0A8B3A081B64642200681A86 /* bg5.png */; };
		0A8B3A0B1B64642700681A86 /* bg6.png in Resources */ = {isa = PBXBuildFile; fileRef = 0A8B3A0A1B64642700681A86 /* bg6.png */; };
		0A8B3A0D1B64642D00681A86 /* bg7.png in Resources */ = {isa = PBXBuildFile; fileRef = 0A8B3A0C1B64642D00681A86 /* bg7.png */; };
		0A8B3A0F1B64643100681A86 /* bg8.png in Resources */ = {isa = PBXBuildFile; fileRef = 0A8B3A0E1B64643100681A86 /* bg8.png */; };
		0A8EBD201B1BD2FA0075B37D /* AppDelegate.swift in Sources */ = {isa = PBXBuildFile; fileRef = 0A8EBD1F1B1BD2FA0075B37D /* AppDelegate.swift */; };
		0A8EBD221B1BD2FA0075B37D /* GameScene.sks in Resources */ = {isa = PBXBuildFile; fileRef = 0A8EBD211B1BD2FA0075B37D /* GameScene.sks */; };
		0A8EBD241B1BD2FA0075B37D /* GameScene.swift in Sources */ = {isa = PBXBuildFile; fileRef = 0A8EBD231B1BD2FA0075B37D /* GameScene.swift */; };
		0A8EBD261B1BD2FA0075B37D /* GameViewController.swift in Sources */ = {isa = PBXBuildFile; fileRef = 0A8EBD251B1BD2FA0075B37D /* GameViewController.swift */; };
		0A8EBD2B1B1BD2FA0075B37D /* Images.xcassets in Resources */ = {isa = PBXBuildFile; fileRef = 0A8EBD2A1B1BD2FA0075B37D /* Images.xcassets */; };
		0A8EBD2E1B1BD2FA0075B37D /* LaunchScreen.xib in Resources */ = {isa = PBXBuildFile; fileRef = 0A8EBD2C1B1BD2FA0075B37D /* LaunchScreen.xib */; };
		0A8EBD3A1B1BD2FA0075B37D /* MusicNotesTests.swift in Sources */ = {isa = PBXBuildFile; fileRef = 0A8EBD391B1BD2FA0075B37D /* MusicNotesTests.swift */; };
		0A8EBD441B1BD3B40075B37D /* Main.storyboard in Resources */ = {isa = PBXBuildFile; fileRef = 0A8EBD431B1BD3B40075B37D /* Main.storyboard */; };
		0A8EBD461B1BD3E30075B37D /* MusicNotes.swift in Sources */ = {isa = PBXBuildFile; fileRef = 0A8EBD451B1BD3E30075B37D /* MusicNotes.swift */; };
		0A8EBD481B1BD4040075B37D /* sprites.atlas in Resources */ = {isa = PBXBuildFile; fileRef = 0A8EBD471B1BD4040075B37D /* sprites.atlas */; };
		0A8EBD4A1B1BD7850075B37D /* GameKit.framework in Frameworks */ = {isa = PBXBuildFile; fileRef = 0A8EBD491B1BD7850075B37D /* GameKit.framework */; };
		0A9CCA011B8D025C0064EA65 /* howToBanner04.png in Resources */ = {isa = PBXBuildFile; fileRef = 0A9CCA001B8D025C0064EA65 /* howToBanner04.png */; };
		0AA5EF7C1B5B073E0099DE8A /* background1menu.png in Resources */ = {isa = PBXBuildFile; fileRef = 0AA5EF7B1B5B073E0099DE8A /* background1menu.png */; };
		0AABA0491B9CD86300DE7D07 /* A2.wav in Resources */ = {isa = PBXBuildFile; fileRef = 0AABA0311B9CD86300DE7D07 /* A2.wav */; };
		0AABA04A1B9CD86300DE7D07 /* A3.wav in Resources */ = {isa = PBXBuildFile; fileRef = 0AABA0321B9CD86300DE7D07 /* A3.wav */; };
		0AABA04B1B9CD86300DE7D07 /* A4.wav in Resources */ = {isa = PBXBuildFile; fileRef = 0AABA0331B9CD86300DE7D07 /* A4.wav */; };
		0AABA04C1B9CD86300DE7D07 /* B2.wav in Resources */ = {isa = PBXBuildFile; fileRef = 0AABA0341B9CD86300DE7D07 /* B2.wav */; };
		0AABA04D1B9CD86300DE7D07 /* B3.wav in Resources */ = {isa = PBXBuildFile; fileRef = 0AABA0351B9CD86300DE7D07 /* B3.wav */; };
		0AABA04E1B9CD86300DE7D07 /* B4.wav in Resources */ = {isa = PBXBuildFile; fileRef = 0AABA0361B9CD86300DE7D07 /* B4.wav */; };
		0AABA04F1B9CD86300DE7D07 /* C3.wav in Resources */ = {isa = PBXBuildFile; fileRef = 0AABA0371B9CD86300DE7D07 /* C3.wav */; };
		0AABA0501B9CD86300DE7D07 /* C4.wav in Resources */ = {isa = PBXBuildFile; fileRef = 0AABA0381B9CD86300DE7D07 /* C4.wav */; };
		0AABA0511B9CD86300DE7D07 /* C5.wav in Resources */ = {isa = PBXBuildFile; fileRef = 0AABA0391B9CD86300DE7D07 /* C5.wav */; };
		0AABA0521B9CD86300DE7D07 /* D3.wav in Resources */ = {isa = PBXBuildFile; fileRef = 0AABA03A1B9CD86300DE7D07 /* D3.wav */; };
		0AABA0531B9CD86300DE7D07 /* D4.wav in Resources */ = {isa = PBXBuildFile; fileRef = 0AABA03B1B9CD86300DE7D07 /* D4.wav */; };
		0AABA0541B9CD86300DE7D07 /* D5.wav in Resources */ = {isa = PBXBuildFile; fileRef = 0AABA03C1B9CD86300DE7D07 /* D5.wav */; };
		0AABA0551B9CD86300DE7D07 /* E3.wav in Resources */ = {isa = PBXBuildFile; fileRef = 0AABA03D1B9CD86300DE7D07 /* E3.wav */; };
		0AABA0561B9CD86300DE7D07 /* E4.wav in Resources */ = {isa = PBXBuildFile; fileRef = 0AABA03E1B9CD86300DE7D07 /* E4.wav */; };
		0AABA0571B9CD86300DE7D07 /* E5.wav in Resources */ = {isa = PBXBuildFile; fileRef = 0AABA03F1B9CD86300DE7D07 /* E5.wav */; };
		0AABA0581B9CD86300DE7D07 /* F2.wav in Resources */ = {isa = PBXBuildFile; fileRef = 0AABA0401B9CD86300DE7D07 /* F2.wav */; };
		0AABA0591B9CD86300DE7D07 /* F3.wav in Resources */ = {isa = PBXBuildFile; fileRef = 0AABA0411B9CD86300DE7D07 /* F3.wav */; };
		0AABA05A1B9CD86300DE7D07 /* F4.wav in Resources */ = {isa = PBXBuildFile; fileRef = 0AABA0421B9CD86300DE7D07 /* F4.wav */; };
		0AABA05B1B9CD86300DE7D07 /* F5.wav in Resources */ = {isa = PBXBuildFile; fileRef = 0AABA0431B9CD86300DE7D07 /* F5.wav */; };
		0AABA05C1B9CD86300DE7D07 /* G2.wav in Resources */ = {isa = PBXBuildFile; fileRef = 0AABA0441B9CD86300DE7D07 /* G2.wav */; };
		0AABA05D1B9CD86300DE7D07 /* G3.wav in Resources */ = {isa = PBXBuildFile; fileRef = 0AABA0451B9CD86300DE7D07 /* G3.wav */; };
		0AABA05E1B9CD86300DE7D07 /* G4.wav in Resources */ = {isa = PBXBuildFile; fileRef = 0AABA0461B9CD86300DE7D07 /* G4.wav */; };
		0AABA05F1B9CD86300DE7D07 /* G5.wav in Resources */ = {isa = PBXBuildFile; fileRef = 0AABA0471B9CD86300DE7D07 /* G5.wav */; };
		0AABA0601B9CD86300DE7D07 /* noGood.wav in Resources */ = {isa = PBXBuildFile; fileRef = 0AABA0481B9CD86300DE7D07 /* noGood.wav */; };
/* End PBXBuildFile section */

/* Begin PBXContainerItemProxy section */
		0A8EBD341B1BD2FA0075B37D /* PBXContainerItemProxy */ = {
			isa = PBXContainerItemProxy;
			containerPortal = 0A8EBD121B1BD2FA0075B37D /* Project object */;
			proxyType = 1;
			remoteGlobalIDString = 0A8EBD191B1BD2FA0075B37D;
			remoteInfo = MusicNotes;
		};
/* End PBXContainerItemProxy section */

/* Begin PBXFileReference section */
		0A03FA8E1B5AF6FF00DA5EED /* hint.png */ = {isa = PBXFileReference; lastKnownFileType = image.png; path = hint.png; sourceTree = "<group>"; };
		0A1732FF1B8E580300AE4373 /* MainMenu.png */ = {isa = PBXFileReference; lastKnownFileType = image.png; path = MainMenu.png; sourceTree = "<group>"; };
		0A2B3C201B279DAD005269BE /* Levels.plist */ = {isa = PBXFileReference; fileEncoding = 4; lastKnownFileType = text.plist.xml; path = Levels.plist; sourceTree = "<group>"; };
		0A488C581B215658006CDA4B /* MainMenu2.png */ = {isa = PBXFileReference; lastKnownFileType = image.png; path = MainMenu2.png; sourceTree = "<group>"; };
		0A52E6C41B9D053B00C6FB54 /* scoreStars.png */ = {isa = PBXFileReference; lastKnownFileType = image.png; path = scoreStars.png; sourceTree = "<group>"; };
		0A59646C1B5F022100CC86CC /* Level.swift */ = {isa = PBXFileReference; fileEncoding = 4; lastKnownFileType = sourcecode.swift; path = Level.swift; sourceTree = "<group>"; };
		0A59646E1B5F063000CC86CC /* Challenge.swift */ = {isa = PBXFileReference; fileEncoding = 4; lastKnownFileType = sourcecode.swift; path = Challenge.swift; sourceTree = "<group>"; };
		0A5EC1421B5C3E7D0007C734 /* Types.swift */ = {isa = PBXFileReference; fileEncoding = 4; lastKnownFileType = sourcecode.swift; path = Types.swift; sourceTree = "<group>"; };
		0A5F78811B5AD18800FF922B /* facebook.png */ = {isa = PBXFileReference; lastKnownFileType = image.png; path = facebook.png; sourceTree = "<group>"; };
		0A5F78831B5AD18D00FF922B /* gamecenter.png */ = {isa = PBXFileReference; lastKnownFileType = image.png; path = gamecenter.png; sourceTree = "<group>"; };
		0A6F53BC1B6488C4000714DA /* bg9.png */ = {isa = PBXFileReference; lastKnownFileType = image.png; path = bg9.png; sourceTree = "<group>"; };
		0A72856F1B912D48006BB7C4 /* KOMIKAX_.ttf */ = {isa = PBXFileReference; lastKnownFileType = file; path = KOMIKAX_.ttf; sourceTree = "<group>"; };
		0A7285711B913BFB006BB7C4 /* KMKDSP__.ttf */ = {isa = PBXFileReference; lastKnownFileType = file; path = KMKDSP__.ttf; sourceTree = "<group>"; };
		0A7285731B913C88006BB7C4 /* KMKDSPB_.ttf */ = {isa = PBXFileReference; lastKnownFileType = file; path = KMKDSPB_.ttf; sourceTree = "<group>"; };
		0A74175D1B261CAF00D17C83 /* LevelViewController.swift */ = {isa = PBXFileReference; fileEncoding = 4; lastKnownFileType = sourcecode.swift; path = LevelViewController.swift; sourceTree = "<group>"; };
		0A8B3A001B64640500681A86 /* bg1.png */ = {isa = PBXFileReference; lastKnownFileType = image.png; path = bg1.png; sourceTree = "<group>"; };
		0A8B3A021B64640E00681A86 /* bg2.png */ = {isa = PBXFileReference; lastKnownFileType = image.png; path = bg2.png; sourceTree = "<group>"; };
		0A8B3A041B64641300681A86 /* bg3.png */ = {isa = PBXFileReference; lastKnownFileType = image.png; path = bg3.png; sourceTree = "<group>"; };
		0A8B3A061B64641C00681A86 /* bg4.png */ = {isa = PBXFileReference; lastKnownFileType = image.png; path = bg4.png; sourceTree = "<group>"; };
		0A8B3A081B64642200681A86 /* bg5.png */ = {isa = PBXFileReference; lastKnownFileType = image.png; path = bg5.png; sourceTree = "<group>"; };
		0A8B3A0A1B64642700681A86 /* bg6.png */ = {isa = PBXFileReference; lastKnownFileType = image.png; path = bg6.png; sourceTree = "<group>"; };
		0A8B3A0C1B64642D00681A86 /* bg7.png */ = {isa = PBXFileReference; lastKnownFileType = image.png; path = bg7.png; sourceTree = "<group>"; };
		0A8B3A0E1B64643100681A86 /* bg8.png */ = {isa = PBXFileReference; lastKnownFileType = image.png; path = bg8.png; sourceTree = "<group>"; };
		0A8EBD1A1B1BD2FA0075B37D /* MusicNotes.app */ = {isa = PBXFileReference; explicitFileType = wrapper.application; includeInIndex = 0; path = MusicNotes.app; sourceTree = BUILT_PRODUCTS_DIR; };
		0A8EBD1E1B1BD2FA0075B37D /* Info.plist */ = {isa = PBXFileReference; lastKnownFileType = text.plist.xml; path = Info.plist; sourceTree = "<group>"; };
		0A8EBD1F1B1BD2FA0075B37D /* AppDelegate.swift */ = {isa = PBXFileReference; lastKnownFileType = sourcecode.swift; path = AppDelegate.swift; sourceTree = "<group>"; };
		0A8EBD211B1BD2FA0075B37D /* GameScene.sks */ = {isa = PBXFileReference; lastKnownFileType = file.sks; path = GameScene.sks; sourceTree = "<group>"; };
		0A8EBD231B1BD2FA0075B37D /* GameScene.swift */ = {isa = PBXFileReference; lastKnownFileType = sourcecode.swift; path = GameScene.swift; sourceTree = "<group>"; };
		0A8EBD251B1BD2FA0075B37D /* GameViewController.swift */ = {isa = PBXFileReference; lastKnownFileType = sourcecode.swift; path = GameViewController.swift; sourceTree = "<group>"; };
		0A8EBD2A1B1BD2FA0075B37D /* Images.xcassets */ = {isa = PBXFileReference; lastKnownFileType = folder.assetcatalog; path = Images.xcassets; sourceTree = "<group>"; };
		0A8EBD2D1B1BD2FA0075B37D /* Base */ = {isa = PBXFileReference; lastKnownFileType = file.xib; name = Base; path = Base.lproj/LaunchScreen.xib; sourceTree = "<group>"; };
		0A8EBD331B1BD2FA0075B37D /* MusicNotesTests.xctest */ = {isa = PBXFileReference; explicitFileType = wrapper.cfbundle; includeInIndex = 0; path = MusicNotesTests.xctest; sourceTree = BUILT_PRODUCTS_DIR; };
		0A8EBD381B1BD2FA0075B37D /* Info.plist */ = {isa = PBXFileReference; lastKnownFileType = text.plist.xml; path = Info.plist; sourceTree = "<group>"; };
		0A8EBD391B1BD2FA0075B37D /* MusicNotesTests.swift */ = {isa = PBXFileReference; lastKnownFileType = sourcecode.swift; path = MusicNotesTests.swift; sourceTree = "<group>"; };
		0A8EBD431B1BD3B40075B37D /* Main.storyboard */ = {isa = PBXFileReference; fileEncoding = 4; lastKnownFileType = file.storyboard; path = Main.storyboard; sourceTree = "<group>"; };
		0A8EBD451B1BD3E30075B37D /* MusicNotes.swift */ = {isa = PBXFileReference; fileEncoding = 4; lastKnownFileType = sourcecode.swift; path = MusicNotes.swift; sourceTree = "<group>"; };
		0A8EBD471B1BD4040075B37D /* sprites.atlas */ = {isa = PBXFileReference; lastKnownFileType = folder.skatlas; path = sprites.atlas; sourceTree = "<group>"; };
		0A8EBD491B1BD7850075B37D /* GameKit.framework */ = {isa = PBXFileReference; lastKnownFileType = wrapper.framework; name = GameKit.framework; path = System/Library/Frameworks/GameKit.framework; sourceTree = SDKROOT; };
		0A9CCA001B8D025C0064EA65 /* howToBanner04.png */ = {isa = PBXFileReference; lastKnownFileType = image.png; path = howToBanner04.png; sourceTree = "<group>"; };
		0AA5EF7B1B5B073E0099DE8A /* background1menu.png */ = {isa = PBXFileReference; lastKnownFileType = image.png; path = background1menu.png; sourceTree = "<group>"; };
		0AABA0311B9CD86300DE7D07 /* A2.wav */ = {isa = PBXFileReference; lastKnownFileType = audio.wav; path = A2.wav; sourceTree = "<group>"; };
		0AABA0321B9CD86300DE7D07 /* A3.wav */ = {isa = PBXFileReference; lastKnownFileType = audio.wav; path = A3.wav; sourceTree = "<group>"; };
		0AABA0331B9CD86300DE7D07 /* A4.wav */ = {isa = PBXFileReference; lastKnownFileType = audio.wav; path = A4.wav; sourceTree = "<group>"; };
		0AABA0341B9CD86300DE7D07 /* B2.wav */ = {isa = PBXFileReference; lastKnownFileType = audio.wav; path = B2.wav; sourceTree = "<group>"; };
		0AABA0351B9CD86300DE7D07 /* B3.wav */ = {isa = PBXFileReference; lastKnownFileType = audio.wav; path = B3.wav; sourceTree = "<group>"; };
		0AABA0361B9CD86300DE7D07 /* B4.wav */ = {isa = PBXFileReference; lastKnownFileType = audio.wav; path = B4.wav; sourceTree = "<group>"; };
		0AABA0371B9CD86300DE7D07 /* C3.wav */ = {isa = PBXFileReference; lastKnownFileType = audio.wav; path = C3.wav; sourceTree = "<group>"; };
		0AABA0381B9CD86300DE7D07 /* C4.wav */ = {isa = PBXFileReference; lastKnownFileType = audio.wav; path = C4.wav; sourceTree = "<group>"; };
		0AABA0391B9CD86300DE7D07 /* C5.wav */ = {isa = PBXFileReference; lastKnownFileType = audio.wav; path = C5.wav; sourceTree = "<group>"; };
		0AABA03A1B9CD86300DE7D07 /* D3.wav */ = {isa = PBXFileReference; lastKnownFileType = audio.wav; path = D3.wav; sourceTree = "<group>"; };
		0AABA03B1B9CD86300DE7D07 /* D4.wav */ = {isa = PBXFileReference; lastKnownFileType = audio.wav; path = D4.wav; sourceTree = "<group>"; };
		0AABA03C1B9CD86300DE7D07 /* D5.wav */ = {isa = PBXFileReference; lastKnownFileType = audio.wav; path = D5.wav; sourceTree = "<group>"; };
		0AABA03D1B9CD86300DE7D07 /* E3.wav */ = {isa = PBXFileReference; lastKnownFileType = audio.wav; path = E3.wav; sourceTree = "<group>"; };
		0AABA03E1B9CD86300DE7D07 /* E4.wav */ = {isa = PBXFileReference; lastKnownFileType = audio.wav; path = E4.wav; sourceTree = "<group>"; };
		0AABA03F1B9CD86300DE7D07 /* E5.wav */ = {isa = PBXFileReference; lastKnownFileType = audio.wav; path = E5.wav; sourceTree = "<group>"; };
		0AABA0401B9CD86300DE7D07 /* F2.wav */ = {isa = PBXFileReference; lastKnownFileType = audio.wav; path = F2.wav; sourceTree = "<group>"; };
		0AABA0411B9CD86300DE7D07 /* F3.wav */ = {isa = PBXFileReference; lastKnownFileType = audio.wav; path = F3.wav; sourceTree = "<group>"; };
		0AABA0421B9CD86300DE7D07 /* F4.wav */ = {isa = PBXFileReference; lastKnownFileType = audio.wav; path = F4.wav; sourceTree = "<group>"; };
		0AABA0431B9CD86300DE7D07 /* F5.wav */ = {isa = PBXFileReference; lastKnownFileType = audio.wav; path = F5.wav; sourceTree = "<group>"; };
		0AABA0441B9CD86300DE7D07 /* G2.wav */ = {isa = PBXFileReference; lastKnownFileType = audio.wav; path = G2.wav; sourceTree = "<group>"; };
		0AABA0451B9CD86300DE7D07 /* G3.wav */ = {isa = PBXFileReference; lastKnownFileType = audio.wav; path = G3.wav; sourceTree = "<group>"; };
		0AABA0461B9CD86300DE7D07 /* G4.wav */ = {isa = PBXFileReference; lastKnownFileType = audio.wav; path = G4.wav; sourceTree = "<group>"; };
		0AABA0471B9CD86300DE7D07 /* G5.wav */ = {isa = PBXFileReference; lastKnownFileType = audio.wav; path = G5.wav; sourceTree = "<group>"; };
		0AABA0481B9CD86300DE7D07 /* noGood.wav */ = {isa = PBXFileReference; lastKnownFileType = audio.wav; path = noGood.wav; sourceTree = "<group>"; };
/* End PBXFileReference section */

/* Begin PBXFrameworksBuildPhase section */
		0A8EBD171B1BD2FA0075B37D /* Frameworks */ = {
			isa = PBXFrameworksBuildPhase;
			buildActionMask = 2147483647;
			files = (
				0A8EBD4A1B1BD7850075B37D /* GameKit.framework in Frameworks */,
			);
			runOnlyForDeploymentPostprocessing = 0;
		};
		0A8EBD301B1BD2FA0075B37D /* Frameworks */ = {
			isa = PBXFrameworksBuildPhase;
			buildActionMask = 2147483647;
			files = (
			);
			runOnlyForDeploymentPostprocessing = 0;
		};
/* End PBXFrameworksBuildPhase section */

/* Begin PBXGroup section */
		0A488C571B215649006CDA4B /* Images */ = {
			isa = PBXGroup;
			children = (
				0A488C581B215658006CDA4B /* MainMenu2.png */,
				0A03FA8E1B5AF6FF00DA5EED /* hint.png */,
				0A1732FF1B8E580300AE4373 /* MainMenu.png */,
				0A52E6C41B9D053B00C6FB54 /* scoreStars.png */,
				0A9CCA001B8D025C0064EA65 /* howToBanner04.png */,
				0A8B3A001B64640500681A86 /* bg1.png */,
				0A8B3A021B64640E00681A86 /* bg2.png */,
				0A8B3A041B64641300681A86 /* bg3.png */,
				0A8B3A061B64641C00681A86 /* bg4.png */,
				0A8B3A081B64642200681A86 /* bg5.png */,
				0A8B3A0A1B64642700681A86 /* bg6.png */,
				0A8B3A0C1B64642D00681A86 /* bg7.png */,
				0A6F53BC1B6488C4000714DA /* bg9.png */,
				0A8B3A0E1B64643100681A86 /* bg8.png */,
				0A5F78811B5AD18800FF922B /* facebook.png */,
				0AA5EF7B1B5B073E0099DE8A /* background1menu.png */,
				0A5F78831B5AD18D00FF922B /* gamecenter.png */,
			);
			path = Images;
			sourceTree = "<group>";
		};
		0A6675351B615AE2003DBD8E /* Sounds */ = {
			isa = PBXGroup;
			children = (
				0AABA0311B9CD86300DE7D07 /* A2.wav */,
				0AABA0321B9CD86300DE7D07 /* A3.wav */,
				0AABA0331B9CD86300DE7D07 /* A4.wav */,
				0AABA0341B9CD86300DE7D07 /* B2.wav */,
				0AABA0351B9CD86300DE7D07 /* B3.wav */,
				0AABA0361B9CD86300DE7D07 /* B4.wav */,
				0AABA0371B9CD86300DE7D07 /* C3.wav */,
				0AABA0381B9CD86300DE7D07 /* C4.wav */,
				0AABA0391B9CD86300DE7D07 /* C5.wav */,
				0AABA03A1B9CD86300DE7D07 /* D3.wav */,
				0AABA03B1B9CD86300DE7D07 /* D4.wav */,
				0AABA03C1B9CD86300DE7D07 /* D5.wav */,
				0AABA03D1B9CD86300DE7D07 /* E3.wav */,
				0AABA03E1B9CD86300DE7D07 /* E4.wav */,
				0AABA03F1B9CD86300DE7D07 /* E5.wav */,
				0AABA0401B9CD86300DE7D07 /* F2.wav */,
				0AABA0411B9CD86300DE7D07 /* F3.wav */,
				0AABA0421B9CD86300DE7D07 /* F4.wav */,
				0AABA0431B9CD86300DE7D07 /* F5.wav */,
				0AABA0441B9CD86300DE7D07 /* G2.wav */,
				0AABA0451B9CD86300DE7D07 /* G3.wav */,
				0AABA0461B9CD86300DE7D07 /* G4.wav */,
				0AABA0471B9CD86300DE7D07 /* G5.wav */,
				0AABA0481B9CD86300DE7D07 /* noGood.wav */,
			);
			name = Sounds;
			sourceTree = "<group>";
		};
		0A72856D1B912CF3006BB7C4 /* Resources */ = {
			isa = PBXGroup;
			children = (
				0A72856E1B912D33006BB7C4 /* Fonts */,
			);
			name = Resources;
			sourceTree = "<group>";
		};
		0A72856E1B912D33006BB7C4 /* Fonts */ = {
			isa = PBXGroup;
			children = (
				0A72856F1B912D48006BB7C4 /* KOMIKAX_.ttf */,
				0A7285731B913C88006BB7C4 /* KMKDSPB_.ttf */,
				0A7285711B913BFB006BB7C4 /* KMKDSP__.ttf */,
			);
			name = Fonts;
			sourceTree = "<group>";
		};
		0A8EBD111B1BD2FA0075B37D = {
			isa = PBXGroup;
			children = (
				0A8EBD491B1BD7850075B37D /* GameKit.framework */,
				0A8EBD1C1B1BD2FA0075B37D /* MusicNotes */,
				0A8EBD361B1BD2FA0075B37D /* MusicNotesTests */,
				0A8EBD1B1B1BD2FA0075B37D /* Products */,
			);
			sourceTree = "<group>";
		};
		0A8EBD1B1B1BD2FA0075B37D /* Products */ = {
			isa = PBXGroup;
			children = (
				0A8EBD1A1B1BD2FA0075B37D /* MusicNotes.app */,
				0A8EBD331B1BD2FA0075B37D /* MusicNotesTests.xctest */,
			);
			name = Products;
			sourceTree = "<group>";
		};
		0A8EBD1C1B1BD2FA0075B37D /* MusicNotes */ = {
			isa = PBXGroup;
			children = (
				0A8EBD431B1BD3B40075B37D /* Main.storyboard */,
				0A74175D1B261CAF00D17C83 /* LevelViewController.swift */,
				0A59646C1B5F022100CC86CC /* Level.swift */,
				0A59646E1B5F063000CC86CC /* Challenge.swift */,
				0A8EBD251B1BD2FA0075B37D /* GameViewController.swift */,
				0A8EBD231B1BD2FA0075B37D /* GameScene.swift */,
				0A8EBD451B1BD3E30075B37D /* MusicNotes.swift */,
				0A5EC1421B5C3E7D0007C734 /* Types.swift */,
				0A2B3C201B279DAD005269BE /* Levels.plist */,
				0A6675351B615AE2003DBD8E /* Sounds */,
				0A488C571B215649006CDA4B /* Images */,
				0A8EBD471B1BD4040075B37D /* sprites.atlas */,
				0A8EBD2A1B1BD2FA0075B37D /* Images.xcassets */,
				0A8EBD2C1B1BD2FA0075B37D /* LaunchScreen.xib */,
				0A72856D1B912CF3006BB7C4 /* Resources */,
				0A8EBD1D1B1BD2FA0075B37D /* Supporting Files */,
			);
			path = MusicNotes;
			sourceTree = "<group>";
		};
		0A8EBD1D1B1BD2FA0075B37D /* Supporting Files */ = {
			isa = PBXGroup;
			children = (
				0A8EBD1F1B1BD2FA0075B37D /* AppDelegate.swift */,
				0A8EBD211B1BD2FA0075B37D /* GameScene.sks */,
				0A8EBD1E1B1BD2FA0075B37D /* Info.plist */,
			);
			name = "Supporting Files";
			sourceTree = "<group>";
		};
		0A8EBD361B1BD2FA0075B37D /* MusicNotesTests */ = {
			isa = PBXGroup;
			children = (
				0A8EBD391B1BD2FA0075B37D /* MusicNotesTests.swift */,
				0A8EBD371B1BD2FA0075B37D /* Supporting Files */,
			);
			path = MusicNotesTests;
			sourceTree = "<group>";
		};
		0A8EBD371B1BD2FA0075B37D /* Supporting Files */ = {
			isa = PBXGroup;
			children = (
				0A8EBD381B1BD2FA0075B37D /* Info.plist */,
			);
			name = "Supporting Files";
			sourceTree = "<group>";
		};
/* End PBXGroup section */

/* Begin PBXNativeTarget section */
		0A8EBD191B1BD2FA0075B37D /* MusicNotes */ = {
			isa = PBXNativeTarget;
			buildConfigurationList = 0A8EBD3D1B1BD2FA0075B37D /* Build configuration list for PBXNativeTarget "MusicNotes" */;
			buildPhases = (
				0A8EBD161B1BD2FA0075B37D /* Sources */,
				0A8EBD171B1BD2FA0075B37D /* Frameworks */,
				0A8EBD181B1BD2FA0075B37D /* Resources */,
			);
			buildRules = (
			);
			dependencies = (
			);
			name = MusicNotes;
			productName = MusicNotes;
			productReference = 0A8EBD1A1B1BD2FA0075B37D /* MusicNotes.app */;
			productType = "com.apple.product-type.application";
		};
		0A8EBD321B1BD2FA0075B37D /* MusicNotesTests */ = {
			isa = PBXNativeTarget;
			buildConfigurationList = 0A8EBD401B1BD2FA0075B37D /* Build configuration list for PBXNativeTarget "MusicNotesTests" */;
			buildPhases = (
				0A8EBD2F1B1BD2FA0075B37D /* Sources */,
				0A8EBD301B1BD2FA0075B37D /* Frameworks */,
				0A8EBD311B1BD2FA0075B37D /* Resources */,
			);
			buildRules = (
			);
			dependencies = (
				0A8EBD351B1BD2FA0075B37D /* PBXTargetDependency */,
			);
			name = MusicNotesTests;
			productName = MusicNotesTests;
			productReference = 0A8EBD331B1BD2FA0075B37D /* MusicNotesTests.xctest */;
			productType = "com.apple.product-type.bundle.unit-test";
		};
/* End PBXNativeTarget section */

/* Begin PBXProject section */
		0A8EBD121B1BD2FA0075B37D /* Project object */ = {
			isa = PBXProject;
			attributes = {
				LastUpgradeCheck = 0630;
				ORGANIZATIONNAME = Amanda;
				TargetAttributes = {
					0A8EBD191B1BD2FA0075B37D = {
						CreatedOnToolsVersion = 6.3.2;
						DevelopmentTeam = 9E27F94D9X;
						SystemCapabilities = {
							com.apple.GameCenter = {
								enabled = 1;
							};
						};
					};
					0A8EBD321B1BD2FA0075B37D = {
						CreatedOnToolsVersion = 6.3.2;
						TestTargetID = 0A8EBD191B1BD2FA0075B37D;
					};
				};
			};
			buildConfigurationList = 0A8EBD151B1BD2FA0075B37D /* Build configuration list for PBXProject "MusicNotes" */;
			compatibilityVersion = "Xcode 3.2";
			developmentRegion = English;
			hasScannedForEncodings = 0;
			knownRegions = (
				en,
				Base,
			);
			mainGroup = 0A8EBD111B1BD2FA0075B37D;
			productRefGroup = 0A8EBD1B1B1BD2FA0075B37D /* Products */;
			projectDirPath = "";
			projectRoot = "";
			targets = (
				0A8EBD191B1BD2FA0075B37D /* MusicNotes */,
				0A8EBD321B1BD2FA0075B37D /* MusicNotesTests */,
			);
		};
/* End PBXProject section */

/* Begin PBXResourcesBuildPhase section */
		0A8EBD181B1BD2FA0075B37D /* Resources */ = {
			isa = PBXResourcesBuildPhase;
			buildActionMask = 2147483647;
			files = (
				0AABA0571B9CD86300DE7D07 /* E5.wav in Resources */,
				0AABA04A1B9CD86300DE7D07 /* A3.wav in Resources */,
				0A8EBD481B1BD4040075B37D /* sprites.atlas in Resources */,
				0A488C591B215658006CDA4B /* MainMenu2.png in Resources */,
				0AABA0591B9CD86300DE7D07 /* F3.wav in Resources */,
				0A7285721B913BFB006BB7C4 /* KMKDSP__.ttf in Resources */,
				0A8B3A031B64640E00681A86 /* bg2.png in Resources */,
				0A03FA8F1B5AF6FF00DA5EED /* hint.png in Resources */,
				0AABA05A1B9CD86300DE7D07 /* F4.wav in Resources */,
				0A7285741B913C88006BB7C4 /* KMKDSPB_.ttf in Resources */,
				0AABA04D1B9CD86300DE7D07 /* B3.wav in Resources */,
				0AABA04F1B9CD86300DE7D07 /* C3.wav in Resources */,
				0AABA0581B9CD86300DE7D07 /* F2.wav in Resources */,
				0A8B3A011B64640500681A86 /* bg1.png in Resources */,
				0AABA0551B9CD86300DE7D07 /* E3.wav in Resources */,
				0AABA05B1B9CD86300DE7D07 /* F5.wav in Resources */,
				0AABA0561B9CD86300DE7D07 /* E4.wav in Resources */,
				0A52E6C51B9D053B00C6FB54 /* scoreStars.png in Resources */,
				0AABA0531B9CD86300DE7D07 /* D4.wav in Resources */,
				0AABA0541B9CD86300DE7D07 /* D5.wav in Resources */,
				0AABA05E1B9CD86300DE7D07 /* G4.wav in Resources */,
				0A8B3A091B64642200681A86 /* bg5.png in Resources */,
				0AABA04E1B9CD86300DE7D07 /* B4.wav in Resources */,
				0A8B3A051B64641300681A86 /* bg3.png in Resources */,
				0A8B3A0B1B64642700681A86 /* bg6.png in Resources */,
				0A8EBD2E1B1BD2FA0075B37D /* LaunchScreen.xib in Resources */,
				0AA5EF7C1B5B073E0099DE8A /* background1menu.png in Resources */,
				0AABA05D1B9CD86300DE7D07 /* G3.wav in Resources */,
				0AABA0511B9CD86300DE7D07 /* C5.wav in Resources */,
				0A8EBD2B1B1BD2FA0075B37D /* Images.xcassets in Resources */,
				0A5F78821B5AD18800FF922B /* facebook.png in Resources */,
				0A8EBD221B1BD2FA0075B37D /* GameScene.sks in Resources */,
				0AABA0491B9CD86300DE7D07 /* A2.wav in Resources */,
				0A5F78841B5AD18D00FF922B /* gamecenter.png in Resources */,
				0AABA04C1B9CD86300DE7D07 /* B2.wav in Resources */,
				0AABA04B1B9CD86300DE7D07 /* A4.wav in Resources */,
				0A8B3A071B64641C00681A86 /* bg4.png in Resources */,
				0AABA0521B9CD86300DE7D07 /* D3.wav in Resources */,
				0A2B3C211B279DAD005269BE /* Levels.plist in Resources */,
				0AABA0501B9CD86300DE7D07 /* C4.wav in Resources */,
				0A9CCA011B8D025C0064EA65 /* howToBanner04.png in Resources */,
				0AABA05F1B9CD86300DE7D07 /* G5.wav in Resources */,
				0A8EBD441B1BD3B40075B37D /* Main.storyboard in Resources */,
				0A1733001B8E580300AE4373 /* MainMenu.png in Resources */,
				0A8B3A0F1B64643100681A86 /* bg8.png in Resources */,
				0AABA0601B9CD86300DE7D07 /* noGood.wav in Resources */,
				0A8B3A0D1B64642D00681A86 /* bg7.png in Resources */,
				0A6F53BD1B6488C4000714DA /* bg9.png in Resources */,
				0AABA05C1B9CD86300DE7D07 /* G2.wav in Resources */,
			);
			runOnlyForDeploymentPostprocessing = 0;
		};
		0A8EBD311B1BD2FA0075B37D /* Resources */ = {
			isa = PBXResourcesBuildPhase;
			buildActionMask = 2147483647;
			files = (
			);
			runOnlyForDeploymentPostprocessing = 0;
		};
/* End PBXResourcesBuildPhase section */

/* Begin PBXSourcesBuildPhase section */
		0A8EBD161B1BD2FA0075B37D /* Sources */ = {
			isa = PBXSourcesBuildPhase;
			buildActionMask = 2147483647;
			files = (
				0A8EBD241B1BD2FA0075B37D /* GameScene.swift in Sources */,
				0A59646D1B5F022100CC86CC /* Level.swift in Sources */,
				0A74175E1B261CAF00D17C83 /* LevelViewController.swift in Sources */,
				0A8EBD461B1BD3E30075B37D /* MusicNotes.swift in Sources */,
				0A5EC1431B5C3E7D0007C734 /* Types.swift in Sources */,
				0A59646F1B5F063000CC86CC /* Challenge.swift in Sources */,
				0A8EBD261B1BD2FA0075B37D /* GameViewController.swift in Sources */,
				0A8EBD201B1BD2FA0075B37D /* AppDelegate.swift in Sources */,
			);
			runOnlyForDeploymentPostprocessing = 0;
		};
		0A8EBD2F1B1BD2FA0075B37D /* Sources */ = {
			isa = PBXSourcesBuildPhase;
			buildActionMask = 2147483647;
			files = (
				0A8EBD3A1B1BD2FA0075B37D /* MusicNotesTests.swift in Sources */,
			);
			runOnlyForDeploymentPostprocessing = 0;
		};
/* End PBXSourcesBuildPhase section */

/* Begin PBXTargetDependency section */
		0A8EBD351B1BD2FA0075B37D /* PBXTargetDependency */ = {
			isa = PBXTargetDependency;
			target = 0A8EBD191B1BD2FA0075B37D /* MusicNotes */;
			targetProxy = 0A8EBD341B1BD2FA0075B37D /* PBXContainerItemProxy */;
		};
/* End PBXTargetDependency section */

/* Begin PBXVariantGroup section */
		0A8EBD2C1B1BD2FA0075B37D /* LaunchScreen.xib */ = {
			isa = PBXVariantGroup;
			children = (
				0A8EBD2D1B1BD2FA0075B37D /* Base */,
			);
			name = LaunchScreen.xib;
			sourceTree = "<group>";
		};
/* End PBXVariantGroup section */

/* Begin XCBuildConfiguration section */
		0A8EBD3B1B1BD2FA0075B37D /* Debug */ = {
			isa = XCBuildConfiguration;
			buildSettings = {
				ALWAYS_SEARCH_USER_PATHS = NO;
				CLANG_CXX_LANGUAGE_STANDARD = "gnu++0x";
				CLANG_CXX_LIBRARY = "libc++";
				CLANG_ENABLE_MODULES = YES;
				CLANG_ENABLE_OBJC_ARC = YES;
				CLANG_WARN_BOOL_CONVERSION = YES;
				CLANG_WARN_CONSTANT_CONVERSION = YES;
				CLANG_WARN_DIRECT_OBJC_ISA_USAGE = YES_ERROR;
				CLANG_WARN_EMPTY_BODY = YES;
				CLANG_WARN_ENUM_CONVERSION = YES;
				CLANG_WARN_INT_CONVERSION = YES;
				CLANG_WARN_OBJC_ROOT_CLASS = YES_ERROR;
				CLANG_WARN_UNREACHABLE_CODE = YES;
				CLANG_WARN__DUPLICATE_METHOD_MATCH = YES;
				"CODE_SIGN_IDENTITY[sdk=iphoneos*]" = "iPhone Developer";
				COPY_PHASE_STRIP = NO;
				DEBUG_INFORMATION_FORMAT = "dwarf-with-dsym";
				ENABLE_STRICT_OBJC_MSGSEND = YES;
				GCC_C_LANGUAGE_STANDARD = gnu99;
				GCC_DYNAMIC_NO_PIC = NO;
				GCC_NO_COMMON_BLOCKS = YES;
				GCC_OPTIMIZATION_LEVEL = 0;
				GCC_PREPROCESSOR_DEFINITIONS = (
					"DEBUG=1",
					"$(inherited)",
				);
				GCC_SYMBOLS_PRIVATE_EXTERN = NO;
				GCC_WARN_64_TO_32_BIT_CONVERSION = YES;
				GCC_WARN_ABOUT_RETURN_TYPE = YES_ERROR;
				GCC_WARN_UNDECLARED_SELECTOR = YES;
				GCC_WARN_UNINITIALIZED_AUTOS = YES_AGGRESSIVE;
				GCC_WARN_UNUSED_FUNCTION = YES;
				GCC_WARN_UNUSED_VARIABLE = YES;
				IPHONEOS_DEPLOYMENT_TARGET = 8.3;
				MTL_ENABLE_DEBUG_INFO = YES;
				ONLY_ACTIVE_ARCH = YES;
				SDKROOT = iphoneos;
				SWIFT_OPTIMIZATION_LEVEL = "-Onone";
				TARGETED_DEVICE_FAMILY = "1,2";
			};
			name = Debug;
		};
		0A8EBD3C1B1BD2FA0075B37D /* Release */ = {
			isa = XCBuildConfiguration;
			buildSettings = {
				ALWAYS_SEARCH_USER_PATHS = NO;
				CLANG_CXX_LANGUAGE_STANDARD = "gnu++0x";
				CLANG_CXX_LIBRARY = "libc++";
				CLANG_ENABLE_MODULES = YES;
				CLANG_ENABLE_OBJC_ARC = YES;
				CLANG_WARN_BOOL_CONVERSION = YES;
				CLANG_WARN_CONSTANT_CONVERSION = YES;
				CLANG_WARN_DIRECT_OBJC_ISA_USAGE = YES_ERROR;
				CLANG_WARN_EMPTY_BODY = YES;
				CLANG_WARN_ENUM_CONVERSION = YES;
				CLANG_WARN_INT_CONVERSION = YES;
				CLANG_WARN_OBJC_ROOT_CLASS = YES_ERROR;
				CLANG_WARN_UNREACHABLE_CODE = YES;
				CLANG_WARN__DUPLICATE_METHOD_MATCH = YES;
				"CODE_SIGN_IDENTITY[sdk=iphoneos*]" = "iPhone Developer";
				COPY_PHASE_STRIP = NO;
				DEBUG_INFORMATION_FORMAT = "dwarf-with-dsym";
				ENABLE_NS_ASSERTIONS = NO;
				ENABLE_STRICT_OBJC_MSGSEND = YES;
				GCC_C_LANGUAGE_STANDARD = gnu99;
				GCC_NO_COMMON_BLOCKS = YES;
				GCC_WARN_64_TO_32_BIT_CONVERSION = YES;
				GCC_WARN_ABOUT_RETURN_TYPE = YES_ERROR;
				GCC_WARN_UNDECLARED_SELECTOR = YES;
				GCC_WARN_UNINITIALIZED_AUTOS = YES_AGGRESSIVE;
				GCC_WARN_UNUSED_FUNCTION = YES;
				GCC_WARN_UNUSED_VARIABLE = YES;
				IPHONEOS_DEPLOYMENT_TARGET = 8.3;
				MTL_ENABLE_DEBUG_INFO = NO;
				SDKROOT = iphoneos;
				TARGETED_DEVICE_FAMILY = "1,2";
				VALIDATE_PRODUCT = YES;
			};
			name = Release;
		};
		0A8EBD3E1B1BD2FA0075B37D /* Debug */ = {
			isa = XCBuildConfiguration;
			buildSettings = {
				ASSETCATALOG_COMPILER_APPICON_NAME = AppIcon;
				CODE_SIGN_IDENTITY = "iPhone Developer";
				"CODE_SIGN_IDENTITY[sdk=iphoneos*]" = "iPhone Developer";
				INFOPLIST_FILE = MusicNotes/Info.plist;
				LD_RUNPATH_SEARCH_PATHS = "$(inherited) @executable_path/Frameworks";
				PRODUCT_NAME = "$(TARGET_NAME)";
				PROVISIONING_PROFILE = "";
			};
			name = Debug;
		};
		0A8EBD3F1B1BD2FA0075B37D /* Release */ = {
			isa = XCBuildConfiguration;
			buildSettings = {
				ASSETCATALOG_COMPILER_APPICON_NAME = AppIcon;
				CODE_SIGN_IDENTITY = "iPhone Developer";
				"CODE_SIGN_IDENTITY[sdk=iphoneos*]" = "iPhone Developer";
				INFOPLIST_FILE = MusicNotes/Info.plist;
				LD_RUNPATH_SEARCH_PATHS = "$(inherited) @executable_path/Frameworks";
				PRODUCT_NAME = "$(TARGET_NAME)";
				PROVISIONING_PROFILE = "";
			};
			name = Release;
		};
		0A8EBD411B1BD2FA0075B37D /* Debug */ = {
			isa = XCBuildConfiguration;
			buildSettings = {
				BUNDLE_LOADER = "$(TEST_HOST)";
				FRAMEWORK_SEARCH_PATHS = (
					"$(SDKROOT)/Developer/Library/Frameworks",
					"$(inherited)",
				);
				GCC_PREPROCESSOR_DEFINITIONS = (
					"DEBUG=1",
					"$(inherited)",
				);
				INFOPLIST_FILE = MusicNotesTests/Info.plist;
				LD_RUNPATH_SEARCH_PATHS = "$(inherited) @executable_path/Frameworks @loader_path/Frameworks";
				PRODUCT_NAME = "$(TARGET_NAME)";
				TEST_HOST = "$(BUILT_PRODUCTS_DIR)/MusicNotes.app/MusicNotes";
			};
			name = Debug;
		};
		0A8EBD421B1BD2FA0075B37D /* Release */ = {
			isa = XCBuildConfiguration;
			buildSettings = {
				BUNDLE_LOADER = "$(TEST_HOST)";
				FRAMEWORK_SEARCH_PATHS = (
					"$(SDKROOT)/Developer/Library/Frameworks",
					"$(inherited)",
				);
				INFOPLIST_FILE = MusicNotesTests/Info.plist;
				LD_RUNPATH_SEARCH_PATHS = "$(inherited) @executable_path/Frameworks @loader_path/Frameworks";
				PRODUCT_NAME = "$(TARGET_NAME)";
				TEST_HOST = "$(BUILT_PRODUCTS_DIR)/MusicNotes.app/MusicNotes";
			};
			name = Release;
		};
/* End XCBuildConfiguration section */

/* Begin XCConfigurationList section */
		0A8EBD151B1BD2FA0075B37D /* Build configuration list for PBXProject "MusicNotes" */ = {
			isa = XCConfigurationList;
			buildConfigurations = (
				0A8EBD3B1B1BD2FA0075B37D /* Debug */,
				0A8EBD3C1B1BD2FA0075B37D /* Release */,
			);
			defaultConfigurationIsVisible = 0;
			defaultConfigurationName = Release;
		};
		0A8EBD3D1B1BD2FA0075B37D /* Build configuration list for PBXNativeTarget "MusicNotes" */ = {
			isa = XCConfigurationList;
			buildConfigurations = (
				0A8EBD3E1B1BD2FA0075B37D /* Debug */,
				0A8EBD3F1B1BD2FA0075B37D /* Release */,
			);
			defaultConfigurationIsVisible = 0;
			defaultConfigurationName = Release;
		};
		0A8EBD401B1BD2FA0075B37D /* Build configuration list for PBXNativeTarget "MusicNotesTests" */ = {
			isa = XCConfigurationList;
			buildConfigurations = (
				0A8EBD411B1BD2FA0075B37D /* Debug */,
				0A8EBD421B1BD2FA0075B37D /* Release */,
			);
			defaultConfigurationIsVisible = 0;
			defaultConfigurationName = Release;
		};
/* End XCConfigurationList section */
	};
	rootObject = 0A8EBD121B1BD2FA0075B37D /* Project object */;
}
